
Microsoft Visual Studio Solution File, Format Version 12.00
# Visual Studio Version 16
VisualStudioVersion = 16.0.30002.166
MinimumVisualStudioVersion = 10.0.40219.1
Project("{FAE04EC0-301F-11D3-BF4B-00C04F79EFBC}") = "myrandomrealnumber", "myrandomrealnumber\myrandomrealnumber.csproj", "{F6C93740-453D-4A09-9179-3A9D1740280A}"
EndProject
Global
	GlobalSection(SolutionConfigurationPlatforms) = preSolution
		Debug|Any CPU = Debug|Any CPU
		Release|Any CPU = Release|Any CPU
	EndGlobalSection
	GlobalSection(ProjectConfigurationPlatforms) = postSolution
		{F6C93740-453D-4A09-9179-3A9D1740280A}.Debug|Any CPU.ActiveCfg = Debug|Any CPU
		{F6C93740-453D-4A09-9179-3A9D1740280A}.Debug|Any CPU.Build.0 = Debug|Any CPU
		{F6C93740-453D-4A09-9179-3A9D1740280A}.Release|Any CPU.ActiveCfg = Release|Any CPU
		{F6C93740-453D-4A09-9179-3A9D1740280A}.Release|Any CPU.Build.0 = Release|Any CPU
	EndGlobalSection
	GlobalSection(SolutionProperties) = preSolution
		HideSolutionNode = FALSE
	EndGlobalSection
	GlobalSection(ExtensibilityGlobals) = postSolution
		SolutionGuid = {999A8E45-3840-4709-8E9D-2E5BDC87E225}
	EndGlobalSection
EndGlobal
